
Microsoft Visual Studio Solution File, Format Version 12.00
# Visual Studio Version 17
VisualStudioVersion = 17.0.31903.59
MinimumVisualStudioVersion = 10.0.40219.1
Project("{9A19103F-16F7-4668-BE54-9A1E7A4F7556}") = "ScreenSound", "ScreenSound\ScreenSound.csproj", "{A9CCE41C-6657-42BF-AED4-F3F578033037}"
EndProject
Project("{FAE04EC0-301F-11D3-BF4B-00C04F79EFBC}") = "ScreenSound.API", "ScreenSound.API\ScreenSound.API.csproj", "{ADD09B8B-06F3-422D-B80E-3FCA971F89F2}"
EndProject
Project("{FAE04EC0-301F-11D3-BF4B-00C04F79EFBC}") = "ScreenSound.Shared.Modelos", "ScreenSound.Shared.Modelos\ScreenSound.Shared.Modelos.csproj", "{3ECA4710-AB1B-4DFC-820D-825374DA6E86}"
EndProject
Global
	GlobalSection(SolutionConfigurationPlatforms) = preSolution
		Debug|Any CPU = Debug|Any CPU
		Release|Any CPU = Release|Any CPU
	EndGlobalSection
	GlobalSection(ProjectConfigurationPlatforms) = postSolution
		{A9CCE41C-6657-42BF-AED4-F3F578033037}.Debug|Any CPU.ActiveCfg = Debug|Any CPU
		{A9CCE41C-6657-42BF-AED4-F3F578033037}.Debug|Any CPU.Build.0 = Debug|Any CPU
		{A9CCE41C-6657-42BF-AED4-F3F578033037}.Release|Any CPU.ActiveCfg = Release|Any CPU
		{A9CCE41C-6657-42BF-AED4-F3F578033037}.Release|Any CPU.Build.0 = Release|Any CPU
		{ADD09B8B-06F3-422D-B80E-3FCA971F89F2}.Debug|Any CPU.ActiveCfg = Debug|Any CPU
		{ADD09B8B-06F3-422D-B80E-3FCA971F89F2}.Debug|Any CPU.Build.0 = Debug|Any CPU
		{ADD09B8B-06F3-422D-B80E-3FCA971F89F2}.Release|Any CPU.ActiveCfg = Release|Any CPU
		{ADD09B8B-06F3-422D-B80E-3FCA971F89F2}.Release|Any CPU.Build.0 = Release|Any CPU
		{3ECA4710-AB1B-4DFC-820D-825374DA6E86}.Debug|Any CPU.ActiveCfg = Debug|Any CPU
		{3ECA4710-AB1B-4DFC-820D-825374DA6E86}.Debug|Any CPU.Build.0 = Debug|Any CPU
		{3ECA4710-AB1B-4DFC-820D-825374DA6E86}.Release|Any CPU.ActiveCfg = Release|Any CPU
		{3ECA4710-AB1B-4DFC-820D-825374DA6E86}.Release|Any CPU.Build.0 = Release|Any CPU
	EndGlobalSection
	GlobalSection(SolutionProperties) = preSolution
		HideSolutionNode = FALSE
	EndGlobalSection
	GlobalSection(ExtensibilityGlobals) = postSolution
		SolutionGuid = {56C5C67F-0461-4875-ADD2-4BBCF1BE6780}
	EndGlobalSection
EndGlobal
